
Microsoft Visual Studio Solution File, Format Version 12.00
# Visual Studio Version 16
VisualStudioVersion = 16.0.30320.27
MinimumVisualStudioVersion = 10.0.40219.1
Project("{FAE04EC0-301F-11D3-BF4B-00C04F79EFBC}") = "QuanLiNhanKhau_CNPM", "QuanLiNhanKhau_CNPM\QuanLiNhanKhau_CNPM.csproj", "{A16B6300-80C2-4A10-ADD7-93F68D67BE36}"
EndProject
Global
	GlobalSection(SolutionConfigurationPlatforms) = preSolution
		Debug|Any CPU = Debug|Any CPU
		Release|Any CPU = Release|Any CPU
	EndGlobalSection
	GlobalSection(ProjectConfigurationPlatforms) = postSolution
		{A16B6300-80C2-4A10-ADD7-93F68D67BE36}.Debug|Any CPU.ActiveCfg = Debug|Any CPU
		{A16B6300-80C2-4A10-ADD7-93F68D67BE36}.Debug|Any CPU.Build.0 = Debug|Any CPU
		{A16B6300-80C2-4A10-ADD7-93F68D67BE36}.Release|Any CPU.ActiveCfg = Release|Any CPU
		{A16B6300-80C2-4A10-ADD7-93F68D67BE36}.Release|Any CPU.Build.0 = Release|Any CPU
	EndGlobalSection
	GlobalSection(SolutionProperties) = preSolution
		HideSolutionNode = FALSE
	EndGlobalSection
	GlobalSection(ExtensibilityGlobals) = postSolution
		SolutionGuid = {BDCC6881-E202-4329-A5AC-31A215366F5A}
	EndGlobalSection
EndGlobal
